
Microsoft Visual Studio Solution File, Format Version 12.00
# Visual Studio Version 17
VisualStudioVersion = 17.13.35825.156 d17.13
MinimumVisualStudioVersion = 10.0.40219.1
Project("{FAE04EC0-301F-11D3-BF4B-00C04F79EFBC}") = "LauncherDBD", "LauncherDBD\LauncherDBD.csproj", "{99657588-6F36-406B-8A97-AABFA93CFB5E}"
EndProject
Global
	GlobalSection(SolutionConfigurationPlatforms) = preSolution
		Debug|Any CPU = Debug|Any CPU
		Release|Any CPU = Release|Any CPU
	EndGlobalSection
	GlobalSection(ProjectConfigurationPlatforms) = postSolution
		{99657588-6F36-406B-8A97-AABFA93CFB5E}.Debug|Any CPU.ActiveCfg = Debug|Any CPU
		{99657588-6F36-406B-8A97-AABFA93CFB5E}.Debug|Any CPU.Build.0 = Debug|Any CPU
		{99657588-6F36-406B-8A97-AABFA93CFB5E}.Release|Any CPU.ActiveCfg = Release|Any CPU
		{99657588-6F36-406B-8A97-AABFA93CFB5E}.Release|Any CPU.Build.0 = Release|Any CPU
	EndGlobalSection
	GlobalSection(SolutionProperties) = preSolution
		HideSolutionNode = FALSE
	EndGlobalSection
	GlobalSection(ExtensibilityGlobals) = postSolution
		SolutionGuid = {5ADFCCB3-F3E0-4E52-B993-36E55E651C27}
	EndGlobalSection
EndGlobal
